
Microsoft Visual Studio Solution File, Format Version 12.00
Project("{FAE04EC0-301F-11D3-BF4B-00C04F79EFBC}") = "StudentsMVC", "StudentsMVC\StudentsMVC.csproj", "{2F2FBDCF-772E-4A6D-BDAE-F10896C3F3C8}"
EndProject
Project("{FAE04EC0-301F-11D3-BF4B-00C04F79EFBC}") = "StudentsMVC.Data", "StudentsMVC.Data\StudentsMVC.Data.csproj", "{9A69BEFF-F42B-4881-B788-45C938A1848E}"
EndProject
Global
	GlobalSection(SolutionConfigurationPlatforms) = preSolution
		Debug|Any CPU = Debug|Any CPU
		Release|Any CPU = Release|Any CPU
	EndGlobalSection
	GlobalSection(ProjectConfigurationPlatforms) = postSolution
		{2F2FBDCF-772E-4A6D-BDAE-F10896C3F3C8}.Debug|Any CPU.ActiveCfg = Debug|Any CPU
		{2F2FBDCF-772E-4A6D-BDAE-F10896C3F3C8}.Debug|Any CPU.Build.0 = Debug|Any CPU
		{2F2FBDCF-772E-4A6D-BDAE-F10896C3F3C8}.Release|Any CPU.ActiveCfg = Release|Any CPU
		{2F2FBDCF-772E-4A6D-BDAE-F10896C3F3C8}.Release|Any CPU.Build.0 = Release|Any CPU
		{9A69BEFF-F42B-4881-B788-45C938A1848E}.Debug|Any CPU.ActiveCfg = Debug|Any CPU
		{9A69BEFF-F42B-4881-B788-45C938A1848E}.Debug|Any CPU.Build.0 = Debug|Any CPU
		{9A69BEFF-F42B-4881-B788-45C938A1848E}.Release|Any CPU.ActiveCfg = Release|Any CPU
		{9A69BEFF-F42B-4881-B788-45C938A1848E}.Release|Any CPU.Build.0 = Release|Any CPU
	EndGlobalSection
EndGlobal
